dependencies:
- name: botium-box-redis
  repository: file://../botium-box-redis
  version: 0.0.2-v2
- name: botium-box-zap
  repository: file://../botium-box-zap
  version: 0.0.2
digest: sha256:421e67f5f3b047f12b3ff00e7f802f3277c2af645e1ad4d692447a8308457f07
generated: "2021-05-31T14:12:35.344825808+02:00"
