dependencies:
- name: botium-box-redis
  repository: file://../botium-box-redis
  version: 0.0.4
- name: botium-box-zap
  repository: file://../botium-box-zap
  version: 0.0.3
digest: sha256:88c98bbb064d429cf7d891230b58b37c7d86256244286005d7032ed2cdf29950
generated: "2021-06-16T15:43:26.015794344+02:00"
