dependencies:
- name: botium-box-redis
  repository: file://../botium-box-redis
  version: 0.0.1
- name: botium-box-zap
  repository: file://../botium-box-zap
  version: 0.0.2
digest: sha256:b8e5f14bfe112ce8fa7f88c5d3fc1368f99a262ddbd941f3a87a2cae66cedc01
generated: "2021-03-10T06:28:24.919432184+01:00"
