dependencies:
- name: botium-box-redis
  repository: file://../botium-box-redis
  version: 0.0.5
- name: botium-box-zap
  repository: file://../botium-box-zap
  version: 0.0.4
digest: sha256:90c3a91fd8208c872f94c2c35c800f8d3810aa3898ac4d0e7c5b300c97516170
generated: "2021-07-19T11:14:18.009652+02:00"
